{
  "lockfileVersion": 1,
  "configVersion": 0,
  "workspaces": {
    "": {
      "name": "yams-blackboard",
      "dependencies": {
        "@opencode-ai/plugin": "^1.1.0",
        "zod": "^4.1.8",
      },
      "devDependencies": {
        "bun-types": "^1.1.0",
        "typescript": "^5.0.0",
      },
    },
  },
  "packages": {
    "@opencode-ai/plugin": ["@opencode-ai/plugin@1.1.36", "", { "dependencies": { "@opencode-ai/sdk": "1.1.36", "zod": "4.1.8" } }, "sha512-b2XWeFZN7UzgwkkzTIi6qSntkpEA9En2zvpqakQzZAGQm6QBdGAlv6r1u5hEnmF12Gzyj5umTMWr5GzVbP/oAA=="],

    "@opencode-ai/sdk": ["@opencode-ai/sdk@1.1.36", "", {}, "sha512-feNHWnbxhg03TI2QrWnw3Chc0eYrWSDSmHIy/ejpSVfcKlfXREw1Tpg0L4EjrpeSc4jB1eM673dh+WM/Ko2SFQ=="],

    "@types/node": ["@types/node@25.0.10", "", { "dependencies": { "undici-types": "~7.16.0" } }, "sha512-zWW5KPngR/yvakJgGOmZ5vTBemDoSqF3AcV/LrO5u5wTWyEAVVh+IT39G4gtyAkh3CtTZs8aX/yRM82OfzHJRg=="],

    "bun-types": ["bun-types@1.3.7", "", { "dependencies": { "@types/node": "*" } }, "sha512-qyschsA03Qz+gou+apt6HNl6HnI+sJJLL4wLDke4iugsE6584CMupOtTY1n+2YC9nGVrEKUlTs99jjRLKgWnjQ=="],

    "typescript": ["typescript@5.9.3", "", { "bin": { "tsc": "bin/tsc", "tsserver": "bin/tsserver" } }, "sha512-jl1vZzPDinLr9eUt3J/t7V6FgNEw9QjvBPdysz9KfQDD41fQrC2Y4vKQdiaUpFT4bXlb1RHhLpp8wtm6M5TgSw=="],

    "undici-types": ["undici-types@7.16.0", "", {}, "sha512-Zz+aZWSj8LE6zoxD+xrjh4VfkIG8Ya6LvYkZqtUQGJPZjYl53ypCaUwWqo7eI0x66KBGeRo+mlBEkMSeSZ38Nw=="],

    "zod": ["zod@4.1.8", "", {}, "sha512-5R1P+WwQqmmMIEACyzSvo4JXHY5WiAFHRMg+zBZKgKS+Q1viRa0C1hmUKtHltoIFKtIdki3pRxkmpP74jnNYHQ=="],
  }
}
